
Microsoft Visual Studio Solution File, Format Version 12.00
# Visual Studio 15
VisualStudioVersion = 15.0.28307.757
MinimumVisualStudioVersion = 10.0.40219.1
Project("{FAE04EC0-301F-11D3-BF4B-00C04F79EFBC}") = "Xfw.Android", "Xfw\Xfw.Android\Xfw.Android.csproj", "{D3DB9C7B-2A27-4967-B433-F13AFC99A83F}"
EndProject
Project("{FAE04EC0-301F-11D3-BF4B-00C04F79EFBC}") = "Xfw.iOS", "Xfw\Xfw.iOS\Xfw.iOS.csproj", "{EF1CD560-DF22-4929-8C57-E20CDC4CBE20}"
EndProject
Project("{9A19103F-16F7-4668-BE54-9A1E7A4F7556}") = "Xfw", "Xfw\Xfw\Xfw.csproj", "{E115F22B-93A3-4384-9934-D5E96EBEA419}"
EndProject
Project("{FAE04EC0-301F-11D3-BF4B-00C04F79EFBC}") = "Xfw.UWP", "..\..\..\..\..\source\repos\Xfw\Xfw\Xfw.UWP\Xfw.UWP.csproj", "{2F7BCF6C-3A21-4336-8B03-A5A5DB730C48}"
EndProject
Global
	GlobalSection(SolutionConfigurationPlatforms) = preSolution
		Debug|Any CPU = Debug|Any CPU
		Debug|ARM = Debug|ARM
		Debug|iPhone = Debug|iPhone
		Debug|iPhoneSimulator = Debug|iPhoneSimulator
		Debug|x64 = Debug|x64
		Debug|x86 = Debug|x86
		Release|Any CPU = Release|Any CPU
		Release|ARM = Release|ARM
		Release|iPhone = Release|iPhone
		Release|iPhoneSimulator = Release|iPhoneSimulator
		Release|x64 = Release|x64
		Release|x86 = Release|x86
	EndGlobalSection
	GlobalSection(ProjectConfigurationPlatforms) = postSolution
		{D3DB9C7B-2A27-4967-B433-F13AFC99A83F}.Debug|Any CPU.ActiveCfg = Debug|Any CPU
		{D3DB9C7B-2A27-4967-B433-F13AFC99A83F}.Debug|Any CPU.Build.0 = Debug|Any CPU
		{D3DB9C7B-2A27-4967-B433-F13AFC99A83F}.Debug|Any CPU.Deploy.0 = Debug|Any CPU
		{D3DB9C7B-2A27-4967-B433-F13AFC99A83F}.Debug|ARM.ActiveCfg = Debug|Any CPU
		{D3DB9C7B-2A27-4967-B433-F13AFC99A83F}.Debug|ARM.Build.0 = Debug|Any CPU
		{D3DB9C7B-2A27-4967-B433-F13AFC99A83F}.Debug|ARM.Deploy.0 = Debug|Any CPU
		{D3DB9C7B-2A27-4967-B433-F13AFC99A83F}.Debug|iPhone.ActiveCfg = Debug|Any CPU
		{D3DB9C7B-2A27-4967-B433-F13AFC99A83F}.Debug|iPhone.Build.0 = Debug|Any CPU
		{D3DB9C7B-2A27-4967-B433-F13AFC99A83F}.Debug|iPhone.Deploy.0 = Debug|Any CPU
		{D3DB9C7B-2A27-4967-B433-F13AFC99A83F}.Debug|iPhoneSimulator.ActiveCfg = Debug|Any CPU
		{D3DB9C7B-2A27-4967-B433-F13AFC99A83F}.Debug|iPhoneSimulator.Build.0 = Debug|Any CPU
		{D3DB9C7B-2A27-4967-B433-F13AFC99A83F}.Debug|iPhoneSimulator.Deploy.0 = Debug|Any CPU
		{D3DB9C7B-2A27-4967-B433-F13AFC99A83F}.Debug|x64.ActiveCfg = Debug|Any CPU
		{D3DB9C7B-2A27-4967-B433-F13AFC99A83F}.Debug|x64.Build.0 = Debug|Any CPU
		{D3DB9C7B-2A27-4967-B433-F13AFC99A83F}.Debug|x64.Deploy.0 = Debug|Any CPU
		{D3DB9C7B-2A27-4967-B433-F13AFC99A83F}.Debug|x86.ActiveCfg = Debug|Any CPU
		{D3DB9C7B-2A27-4967-B433-F13AFC99A83F}.Debug|x86.Build.0 = Debug|Any CPU
		{D3DB9C7B-2A27-4967-B433-F13AFC99A83F}.Debug|x86.Deploy.0 = Debug|Any CPU
		{D3DB9C7B-2A27-4967-B433-F13AFC99A83F}.Release|Any CPU.ActiveCfg = Release|Any CPU
		{D3DB9C7B-2A27-4967-B433-F13AFC99A83F}.Release|Any CPU.Build.0 = Release|Any CPU
		{D3DB9C7B-2A27-4967-B433-F13AFC99A83F}.Release|Any CPU.Deploy.0 = Release|Any CPU
		{D3DB9C7B-2A27-4967-B433-F13AFC99A83F}.Release|ARM.ActiveCfg = Release|Any CPU
		{D3DB9C7B-2A27-4967-B433-F13AFC99A83F}.Release|ARM.Build.0 = Release|Any CPU
		{D3DB9C7B-2A27-4967-B433-F13AFC99A83F}.Release|ARM.Deploy.0 = Release|Any CPU
		{D3DB9C7B-2A27-4967-B433-F13AFC99A83F}.Release|iPhone.ActiveCfg = Release|Any CPU
		{D3DB9C7B-2A27-4967-B433-F13AFC99A83F}.Release|iPhone.Build.0 = Release|Any CPU
		{D3DB9C7B-2A27-4967-B433-F13AFC99A83F}.Release|iPhone.Deploy.0 = Release|Any CPU
		{D3DB9C7B-2A27-4967-B433-F13AFC99A83F}.Release|iPhoneSimulator.ActiveCfg = Release|Any CPU
		{D3DB9C7B-2A27-4967-B433-F13AFC99A83F}.Release|iPhoneSimulator.Build.0 = Release|Any CPU
		{D3DB9C7B-2A27-4967-B433-F13AFC99A83F}.Release|iPhoneSimulator.Deploy.0 = Release|Any CPU
		{D3DB9C7B-2A27-4967-B433-F13AFC99A83F}.Release|x64.ActiveCfg = Release|Any CPU
		{D3DB9C7B-2A27-4967-B433-F13AFC99A83F}.Release|x64.Build.0 = Release|Any CPU
		{D3DB9C7B-2A27-4967-B433-F13AFC99A83F}.Release|x64.Deploy.0 = Release|Any CPU
		{D3DB9C7B-2A27-4967-B433-F13AFC99A83F}.Release|x86.ActiveCfg = Release|Any CPU
		{D3DB9C7B-2A27-4967-B433-F13AFC99A83F}.Release|x86.Build.0 = Release|Any CPU
		{D3DB9C7B-2A27-4967-B433-F13AFC99A83F}.Release|x86.Deploy.0 = Release|Any CPU
		{EF1CD560-DF22-4929-8C57-E20CDC4CBE20}.Debug|Any CPU.ActiveCfg = Debug|iPhoneSimulator
		{EF1CD560-DF22-4929-8C57-E20CDC4CBE20}.Debug|Any CPU.Build.0 = Debug|iPhoneSimulator
		{EF1CD560-DF22-4929-8C57-E20CDC4CBE20}.Debug|Any CPU.Deploy.0 = Debug|iPhoneSimulator
		{EF1CD560-DF22-4929-8C57-E20CDC4CBE20}.Debug|ARM.ActiveCfg = Debug|iPhone
		{EF1CD560-DF22-4929-8C57-E20CDC4CBE20}.Debug|iPhone.ActiveCfg = Debug|iPhone
		{EF1CD560-DF22-4929-8C57-E20CDC4CBE20}.Debug|iPhone.Build.0 = Debug|iPhone
		{EF1CD560-DF22-4929-8C57-E20CDC4CBE20}.Debug|iPhone.Deploy.0 = Debug|iPhone
		{EF1CD560-DF22-4929-8C57-E20CDC4CBE20}.Debug|iPhoneSimulator.ActiveCfg = Debug|iPhoneSimulator
		{EF1CD560-DF22-4929-8C57-E20CDC4CBE20}.Debug|iPhoneSimulator.Build.0 = Debug|iPhoneSimulator
		{EF1CD560-DF22-4929-8C57-E20CDC4CBE20}.Debug|iPhoneSimulator.Deploy.0 = Debug|iPhoneSimulator
		{EF1CD560-DF22-4929-8C57-E20CDC4CBE20}.Debug|x64.ActiveCfg = Debug|iPhone
		{EF1CD560-DF22-4929-8C57-E20CDC4CBE20}.Debug|x86.ActiveCfg = Debug|iPhone
		{EF1CD560-DF22-4929-8C57-E20CDC4CBE20}.Release|Any CPU.ActiveCfg = Release|iPhone
		{EF1CD560-DF22-4929-8C57-E20CDC4CBE20}.Release|Any CPU.Build.0 = Release|iPhone
		{EF1CD560-DF22-4929-8C57-E20CDC4CBE20}.Release|Any CPU.Deploy.0 = Release|iPhone
		{EF1CD560-DF22-4929-8C57-E20CDC4CBE20}.Release|ARM.ActiveCfg = Release|iPhoneSimulator
		{EF1CD560-DF22-4929-8C57-E20CDC4CBE20}.Release|iPhone.ActiveCfg = Release|iPhone
		{EF1CD560-DF22-4929-8C57-E20CDC4CBE20}.Release|iPhone.Build.0 = Release|iPhone
		{EF1CD560-DF22-4929-8C57-E20CDC4CBE20}.Release|iPhone.Deploy.0 = Release|iPhone
		{EF1CD560-DF22-4929-8C57-E20CDC4CBE20}.Release|iPhoneSimulator.ActiveCfg = Release|iPhoneSimulator
		{EF1CD560-DF22-4929-8C57-E20CDC4CBE20}.Release|iPhoneSimulator.Build.0 = Release|iPhoneSimulator
		{EF1CD560-DF22-4929-8C57-E20CDC4CBE20}.Release|iPhoneSimulator.Deploy.0 = Release|iPhoneSimulator
		{EF1CD560-DF22-4929-8C57-E20CDC4CBE20}.Release|x64.ActiveCfg = Release|iPhoneSimulator
		{EF1CD560-DF22-4929-8C57-E20CDC4CBE20}.Release|x86.ActiveCfg = Release|iPhoneSimulator
		{E115F22B-93A3-4384-9934-D5E96EBEA419}.Debug|Any CPU.ActiveCfg = Debug|Any CPU
		{E115F22B-93A3-4384-9934-D5E96EBEA419}.Debug|Any CPU.Build.0 = Debug|Any CPU
		{E115F22B-93A3-4384-9934-D5E96EBEA419}.Debug|Any CPU.Deploy.0 = Debug|Any CPU
		{E115F22B-93A3-4384-9934-D5E96EBEA419}.Debug|ARM.ActiveCfg = Debug|Any CPU
		{E115F22B-93A3-4384-9934-D5E96EBEA419}.Debug|ARM.Build.0 = Debug|Any CPU
		{E115F22B-93A3-4384-9934-D5E96EBEA419}.Debug|iPhone.ActiveCfg = Debug|Any CPU
		{E115F22B-93A3-4384-9934-D5E96EBEA419}.Debug|iPhone.Build.0 = Debug|Any CPU
		{E115F22B-93A3-4384-9934-D5E96EBEA419}.Debug|iPhone.Deploy.0 = Debug|Any CPU
		{E115F22B-93A3-4384-9934-D5E96EBEA419}.Debug|iPhoneSimulator.ActiveCfg = Debug|Any CPU
		{E115F22B-93A3-4384-9934-D5E96EBEA419}.Debug|iPhoneSimulator.Build.0 = Debug|Any CPU
		{E115F22B-93A3-4384-9934-D5E96EBEA419}.Debug|iPhoneSimulator.Deploy.0 = Debug|Any CPU
		{E115F22B-93A3-4384-9934-D5E96EBEA419}.Debug|x64.ActiveCfg = Debug|Any CPU
		{E115F22B-93A3-4384-9934-D5E96EBEA419}.Debug|x64.Build.0 = Debug|Any CPU
		{E115F22B-93A3-4384-9934-D5E96EBEA419}.Debug|x86.ActiveCfg = Debug|Any CPU
		{E115F22B-93A3-4384-9934-D5E96EBEA419}.Debug|x86.Build.0 = Debug|Any CPU
		{E115F22B-93A3-4384-9934-D5E96EBEA419}.Release|Any CPU.ActiveCfg = Release|Any CPU
		{E115F22B-93A3-4384-9934-D5E96EBEA419}.Release|Any CPU.Build.0 = Release|Any CPU
		{E115F22B-93A3-4384-9934-D5E96EBEA419}.Release|Any CPU.Deploy.0 = Release|Any CPU
		{E115F22B-93A3-4384-9934-D5E96EBEA419}.Release|ARM.ActiveCfg = Release|Any CPU
		{E115F22B-93A3-4384-9934-D5E96EBEA419}.Release|ARM.Build.0 = Release|Any CPU
		{E115F22B-93A3-4384-9934-D5E96EBEA419}.Release|iPhone.ActiveCfg = Release|Any CPU
		{E115F22B-93A3-4384-9934-D5E96EBEA419}.Release|iPhone.Build.0 = Release|Any CPU
		{E115F22B-93A3-4384-9934-D5E96EBEA419}.Release|iPhone.Deploy.0 = Release|Any CPU
		{E115F22B-93A3-4384-9934-D5E96EBEA419}.Release|iPhoneSimulator.ActiveCfg = Release|Any CPU
		{E115F22B-93A3-4384-9934-D5E96EBEA419}.Release|iPhoneSimulator.Build.0 = Release|Any CPU
		{E115F22B-93A3-4384-9934-D5E96EBEA419}.Release|iPhoneSimulator.Deploy.0 = Release|Any CPU
		{E115F22B-93A3-4384-9934-D5E96EBEA419}.Release|x64.ActiveCfg = Release|Any CPU
		{E115F22B-93A3-4384-9934-D5E96EBEA419}.Release|x64.Build.0 = Release|Any CPU
		{E115F22B-93A3-4384-9934-D5E96EBEA419}.Release|x86.ActiveCfg = Release|Any CPU
		{E115F22B-93A3-4384-9934-D5E96EBEA419}.Release|x86.Build.0 = Release|Any CPU
		{2F7BCF6C-3A21-4336-8B03-A5A5DB730C48}.Debug|Any CPU.ActiveCfg = Debug|x86
		{2F7BCF6C-3A21-4336-8B03-A5A5DB730C48}.Debug|ARM.ActiveCfg = Debug|ARM
		{2F7BCF6C-3A21-4336-8B03-A5A5DB730C48}.Debug|ARM.Build.0 = Debug|ARM
		{2F7BCF6C-3A21-4336-8B03-A5A5DB730C48}.Debug|ARM.Deploy.0 = Debug|ARM
		{2F7BCF6C-3A21-4336-8B03-A5A5DB730C48}.Debug|iPhone.ActiveCfg = Debug|x86
		{2F7BCF6C-3A21-4336-8B03-A5A5DB730C48}.Debug|iPhoneSimulator.ActiveCfg = Debug|x86
		{2F7BCF6C-3A21-4336-8B03-A5A5DB730C48}.Debug|x64.ActiveCfg = Debug|x64
		{2F7BCF6C-3A21-4336-8B03-A5A5DB730C48}.Debug|x64.Build.0 = Debug|x64
		{2F7BCF6C-3A21-4336-8B03-A5A5DB730C48}.Debug|x64.Deploy.0 = Debug|x64
		{2F7BCF6C-3A21-4336-8B03-A5A5DB730C48}.Debug|x86.ActiveCfg = Debug|x86
		{2F7BCF6C-3A21-4336-8B03-A5A5DB730C48}.Debug|x86.Build.0 = Debug|x86
		{2F7BCF6C-3A21-4336-8B03-A5A5DB730C48}.Debug|x86.Deploy.0 = Debug|x86
		{2F7BCF6C-3A21-4336-8B03-A5A5DB730C48}.Release|Any CPU.ActiveCfg = Release|x86
		{2F7BCF6C-3A21-4336-8B03-A5A5DB730C48}.Release|ARM.ActiveCfg = Release|ARM
		{2F7BCF6C-3A21-4336-8B03-A5A5DB730C48}.Release|ARM.Build.0 = Release|ARM
		{2F7BCF6C-3A21-4336-8B03-A5A5DB730C48}.Release|ARM.Deploy.0 = Release|ARM
		{2F7BCF6C-3A21-4336-8B03-A5A5DB730C48}.Release|iPhone.ActiveCfg = Release|x86
		{2F7BCF6C-3A21-4336-8B03-A5A5DB730C48}.Release|iPhoneSimulator.ActiveCfg = Release|x86
		{2F7BCF6C-3A21-4336-8B03-A5A5DB730C48}.Release|x64.ActiveCfg = Release|x64
		{2F7BCF6C-3A21-4336-8B03-A5A5DB730C48}.Release|x64.Build.0 = Release|x64
		{2F7BCF6C-3A21-4336-8B03-A5A5DB730C48}.Release|x64.Deploy.0 = Release|x64
		{2F7BCF6C-3A21-4336-8B03-A5A5DB730C48}.Release|x86.ActiveCfg = Release|x86
		{2F7BCF6C-3A21-4336-8B03-A5A5DB730C48}.Release|x86.Build.0 = Release|x86
		{2F7BCF6C-3A21-4336-8B03-A5A5DB730C48}.Release|x86.Deploy.0 = Release|x86
	EndGlobalSection
	GlobalSection(SolutionProperties) = preSolution
		HideSolutionNode = FALSE
	EndGlobalSection
	GlobalSection(ExtensibilityGlobals) = postSolution
		SolutionGuid = {30B9B123-FAAC-436F-BE73-CEAF8F041038}
	EndGlobalSection
EndGlobal
